
Microsoft Visual Studio Solution File, Format Version 12.00
# Visual Studio Version 17
VisualStudioVersion = 17.8.34525.116
MinimumVisualStudioVersion = 10.0.40219.1
Project("{FAE04EC0-301F-11D3-BF4B-00C04F79EFBC}") = "FAQapp", "FAQapp\FAQapp.csproj", "{747DD2C4-2373-40A1-B0E5-178FEB4BEB52}"
EndProject
Global
	GlobalSection(SolutionConfigurationPlatforms) = preSolution
		Debug|Any CPU = Debug|Any CPU
		Release|Any CPU = Release|Any CPU
	EndGlobalSection
	GlobalSection(ProjectConfigurationPlatforms) = postSolution
		{747DD2C4-2373-40A1-B0E5-178FEB4BEB52}.Debug|Any CPU.ActiveCfg = Debug|Any CPU
		{747DD2C4-2373-40A1-B0E5-178FEB4BEB52}.Debug|Any CPU.Build.0 = Debug|Any CPU
		{747DD2C4-2373-40A1-B0E5-178FEB4BEB52}.Release|Any CPU.ActiveCfg = Release|Any CPU
		{747DD2C4-2373-40A1-B0E5-178FEB4BEB52}.Release|Any CPU.Build.0 = Release|Any CPU
	EndGlobalSection
	GlobalSection(SolutionProperties) = preSolution
		HideSolutionNode = FALSE
	EndGlobalSection
	GlobalSection(ExtensibilityGlobals) = postSolution
		SolutionGuid = {984EB6B5-EA2D-404E-B16A-367D45B0810E}
	EndGlobalSection
EndGlobal
