
Microsoft Visual Studio Solution File, Format Version 12.00
# Visual Studio Version 17
VisualStudioVersion = 17.3.32819.101
MinimumVisualStudioVersion = 10.0.40219.1
Project("{FAE04EC0-301F-11D3-BF4B-00C04F79EFBC}") = "TicTacToe", "TicTacToe\TicTacToe.csproj", "{95FE309E-B4F9-43C5-A2FE-53F085D041CE}"
EndProject
Global
	GlobalSection(SolutionConfigurationPlatforms) = preSolution
		Debug|Any CPU = Debug|Any CPU
		Release|Any CPU = Release|Any CPU
	EndGlobalSection
	GlobalSection(ProjectConfigurationPlatforms) = postSolution
		{95FE309E-B4F9-43C5-A2FE-53F085D041CE}.Debug|Any CPU.ActiveCfg = Debug|Any CPU
		{95FE309E-B4F9-43C5-A2FE-53F085D041CE}.Debug|Any CPU.Build.0 = Debug|Any CPU
		{95FE309E-B4F9-43C5-A2FE-53F085D041CE}.Release|Any CPU.ActiveCfg = Release|Any CPU
		{95FE309E-B4F9-43C5-A2FE-53F085D041CE}.Release|Any CPU.Build.0 = Release|Any CPU
	EndGlobalSection
	GlobalSection(SolutionProperties) = preSolution
		HideSolutionNode = FALSE
	EndGlobalSection
	GlobalSection(ExtensibilityGlobals) = postSolution
		SolutionGuid = {B378276C-4BA1-47E6-B35E-F91A175A4B89}
	EndGlobalSection
EndGlobal
