
Microsoft Visual Studio Solution File, Format Version 12.00
# Visual Studio Version 17
VisualStudioVersion = 17.8.34525.116
MinimumVisualStudioVersion = 10.0.40219.1
Project("{FAE04EC0-301F-11D3-BF4B-00C04F79EFBC}") = "UserTest4", "UserTest4\UserTest4.csproj", "{BA661BA2-BC39-4D42-B47F-741B570A538C}"
EndProject
Global
	GlobalSection(SolutionConfigurationPlatforms) = preSolution
		Debug|Any CPU = Debug|Any CPU
		Release|Any CPU = Release|Any CPU
	EndGlobalSection
	GlobalSection(ProjectConfigurationPlatforms) = postSolution
		{BA661BA2-BC39-4D42-B47F-741B570A538C}.Debug|Any CPU.ActiveCfg = Debug|Any CPU
		{BA661BA2-BC39-4D42-B47F-741B570A538C}.Debug|Any CPU.Build.0 = Debug|Any CPU
		{BA661BA2-BC39-4D42-B47F-741B570A538C}.Release|Any CPU.ActiveCfg = Release|Any CPU
		{BA661BA2-BC39-4D42-B47F-741B570A538C}.Release|Any CPU.Build.0 = Release|Any CPU
	EndGlobalSection
	GlobalSection(SolutionProperties) = preSolution
		HideSolutionNode = FALSE
	EndGlobalSection
	GlobalSection(ExtensibilityGlobals) = postSolution
		SolutionGuid = {47646F53-9F4B-459A-964E-BCF9C0174170}
	EndGlobalSection
EndGlobal
