
Microsoft Visual Studio Solution File, Format Version 12.00
# Visual Studio Version 17
VisualStudioVersion = 17.3.32819.101
MinimumVisualStudioVersion = 10.0.40219.1
Project("{FAE04EC0-301F-11D3-BF4B-00C04F79EFBC}") = "TripLog", "TripLog\TripLog.csproj", "{7B84EC4A-2CE7-4914-98D6-39CB6F76F165}"
EndProject
Global
	GlobalSection(SolutionConfigurationPlatforms) = preSolution
		Debug|Any CPU = Debug|Any CPU
		Release|Any CPU = Release|Any CPU
	EndGlobalSection
	GlobalSection(ProjectConfigurationPlatforms) = postSolution
		{7B84EC4A-2CE7-4914-98D6-39CB6F76F165}.Debug|Any CPU.ActiveCfg = Debug|Any CPU
		{7B84EC4A-2CE7-4914-98D6-39CB6F76F165}.Debug|Any CPU.Build.0 = Debug|Any CPU
		{7B84EC4A-2CE7-4914-98D6-39CB6F76F165}.Release|Any CPU.ActiveCfg = Release|Any CPU
		{7B84EC4A-2CE7-4914-98D6-39CB6F76F165}.Release|Any CPU.Build.0 = Release|Any CPU
	EndGlobalSection
	GlobalSection(SolutionProperties) = preSolution
		HideSolutionNode = FALSE
	EndGlobalSection
	GlobalSection(ExtensibilityGlobals) = postSolution
		SolutionGuid = {3F5760D9-5F22-4CC3-AFB5-A3E1A785682A}
	EndGlobalSection
EndGlobal
