
Microsoft Visual Studio Solution File, Format Version 12.00
# Visual Studio Version 17
VisualStudioVersion = 17.8.34525.116
MinimumVisualStudioVersion = 10.0.40219.1
Project("{FAE04EC0-301F-11D3-BF4B-00C04F79EFBC}") = "Project", "Project\Project.csproj", "{E3A576F9-ADD1-4FB0-8D29-05A0910B6776}"
EndProject
Global
	GlobalSection(SolutionConfigurationPlatforms) = preSolution
		Debug|Any CPU = Debug|Any CPU
		Release|Any CPU = Release|Any CPU
	EndGlobalSection
	GlobalSection(ProjectConfigurationPlatforms) = postSolution
		{E3A576F9-ADD1-4FB0-8D29-05A0910B6776}.Debug|Any CPU.ActiveCfg = Debug|Any CPU
		{E3A576F9-ADD1-4FB0-8D29-05A0910B6776}.Debug|Any CPU.Build.0 = Debug|Any CPU
		{E3A576F9-ADD1-4FB0-8D29-05A0910B6776}.Release|Any CPU.ActiveCfg = Release|Any CPU
		{E3A576F9-ADD1-4FB0-8D29-05A0910B6776}.Release|Any CPU.Build.0 = Release|Any CPU
	EndGlobalSection
	GlobalSection(SolutionProperties) = preSolution
		HideSolutionNode = FALSE
	EndGlobalSection
	GlobalSection(ExtensibilityGlobals) = postSolution
		SolutionGuid = {F4E27571-06D9-429B-9F70-7CC678413600}
	EndGlobalSection
EndGlobal
