
Microsoft Visual Studio Solution File, Format Version 12.00
# Visual Studio Version 16
VisualStudioVersion = 16.0.29311.281
MinimumVisualStudioVersion = 10.0.40219.1
Project("{9A19103F-16F7-4668-BE54-9A1E7A4F7556}") = "Bookstore", "Bookstore\Bookstore.csproj", "{1D13E5F7-02DE-4AC7-899A-A04BB4F1B77F}"
EndProject
Global
	GlobalSection(SolutionConfigurationPlatforms) = preSolution
		Debug|Any CPU = Debug|Any CPU
		Release|Any CPU = Release|Any CPU
	EndGlobalSection
	GlobalSection(ProjectConfigurationPlatforms) = postSolution
		{1D13E5F7-02DE-4AC7-899A-A04BB4F1B77F}.Debug|Any CPU.ActiveCfg = Debug|Any CPU
		{1D13E5F7-02DE-4AC7-899A-A04BB4F1B77F}.Debug|Any CPU.Build.0 = Debug|Any CPU
		{1D13E5F7-02DE-4AC7-899A-A04BB4F1B77F}.Release|Any CPU.ActiveCfg = Release|Any CPU
		{1D13E5F7-02DE-4AC7-899A-A04BB4F1B77F}.Release|Any CPU.Build.0 = Release|Any CPU
	EndGlobalSection
	GlobalSection(SolutionProperties) = preSolution
		HideSolutionNode = FALSE
	EndGlobalSection
	GlobalSection(ExtensibilityGlobals) = postSolution
		SolutionGuid = {5619871B-1685-4428-BB8F-A3D74F4AF2BB}
	EndGlobalSection
EndGlobal
