
Microsoft Visual Studio Solution File, Format Version 12.00
# Visual Studio Version 17
VisualStudioVersion = 17.8.34525.116
MinimumVisualStudioVersion = 10.0.40219.1
Project("{FAE04EC0-301F-11D3-BF4B-00C04F79EFBC}") = "Test2", "Test2\Test2.csproj", "{8F8D5554-FB0F-499F-A17B-578E4C6A05DC}"
EndProject
Global
	GlobalSection(SolutionConfigurationPlatforms) = preSolution
		Debug|Any CPU = Debug|Any CPU
		Release|Any CPU = Release|Any CPU
	EndGlobalSection
	GlobalSection(ProjectConfigurationPlatforms) = postSolution
		{8F8D5554-FB0F-499F-A17B-578E4C6A05DC}.Debug|Any CPU.ActiveCfg = Debug|Any CPU
		{8F8D5554-FB0F-499F-A17B-578E4C6A05DC}.Debug|Any CPU.Build.0 = Debug|Any CPU
		{8F8D5554-FB0F-499F-A17B-578E4C6A05DC}.Release|Any CPU.ActiveCfg = Release|Any CPU
		{8F8D5554-FB0F-499F-A17B-578E4C6A05DC}.Release|Any CPU.Build.0 = Release|Any CPU
	EndGlobalSection
	GlobalSection(SolutionProperties) = preSolution
		HideSolutionNode = FALSE
	EndGlobalSection
	GlobalSection(ExtensibilityGlobals) = postSolution
		SolutionGuid = {68D2B004-0ED6-4EC8-9AD2-A8AC5B1E5346}
	EndGlobalSection
EndGlobal
