
Microsoft Visual Studio Solution File, Format Version 12.00
# Visual Studio Version 17
VisualStudioVersion = 17.8.34525.116
MinimumVisualStudioVersion = 10.0.40219.1
Project("{FAE04EC0-301F-11D3-BF4B-00C04F79EFBC}") = "TutorialHelp", "TutorialHelp\TutorialHelp.csproj", "{455EC530-E22D-4C42-83F7-DDEAEBEB3A5F}"
EndProject
Global
	GlobalSection(SolutionConfigurationPlatforms) = preSolution
		Debug|Any CPU = Debug|Any CPU
		Release|Any CPU = Release|Any CPU
	EndGlobalSection
	GlobalSection(ProjectConfigurationPlatforms) = postSolution
		{455EC530-E22D-4C42-83F7-DDEAEBEB3A5F}.Debug|Any CPU.ActiveCfg = Debug|Any CPU
		{455EC530-E22D-4C42-83F7-DDEAEBEB3A5F}.Debug|Any CPU.Build.0 = Debug|Any CPU
		{455EC530-E22D-4C42-83F7-DDEAEBEB3A5F}.Release|Any CPU.ActiveCfg = Release|Any CPU
		{455EC530-E22D-4C42-83F7-DDEAEBEB3A5F}.Release|Any CPU.Build.0 = Release|Any CPU
	EndGlobalSection
	GlobalSection(SolutionProperties) = preSolution
		HideSolutionNode = FALSE
	EndGlobalSection
	GlobalSection(ExtensibilityGlobals) = postSolution
		SolutionGuid = {77E568EA-0119-4A46-869E-DE2E0E88FF7E}
	EndGlobalSection
EndGlobal
